
Microsoft Visual Studio Solution File, Format Version 12.00
# Visual Studio Version 17
Project("{8BC9CEB8-8B4A-11D0-8D11-00A0C91BC942}") = "ALL_BUILD", "ALL_BUILD.vcxproj", "{FB94E4B4-0A21-3D52-9CE0-BA7FDF45CC5F}"
	ProjectSection(ProjectDependencies) = postProject
		{F633484D-DCC9-3105-A2C3-055CE66034C5} = {F633484D-DCC9-3105-A2C3-055CE66034C5}
		{CFDDE131-1EE1-3D7D-8FAF-6C5CD1B20F41} = {CFDDE131-1EE1-3D7D-8FAF-6C5CD1B20F41}
		{EA467A1D-FCA5-3414-84DE-E5B6941493E7} = {EA467A1D-FCA5-3414-84DE-E5B6941493E7}
		{F804D94A-290D-34D2-BDD2-2FDD158B1124} = {F804D94A-290D-34D2-BDD2-2FDD158B1124}
		{08323AF7-02E4-3388-8810-FD3B9E1189B7} = {08323AF7-02E4-3388-8810-FD3B9E1189B7}
		{90443030-EFC5-3B07-8DB0-239CF92D2823} = {90443030-EFC5-3B07-8DB0-239CF92D2823}
		{709F0F3C-92FE-38C4-A19F-02D5EE63BA66} = {709F0F3C-92FE-38C4-A19F-02D5EE63BA66}
		{76560718-13FA-3799-AF18-FCD48860A6AB} = {76560718-13FA-3799-AF18-FCD48860A6AB}
		{D0FE589D-9C6E-3E40-BED4-F77986DD7897} = {D0FE589D-9C6E-3E40-BED4-F77986DD7897}
		{C0A03754-2815-38BF-A679-1FD8E04B5358} = {C0A03754-2815-38BF-A679-1FD8E04B5358}
		{8B77BDBD-F82A-348B-B50F-D09D45842B11} = {8B77BDBD-F82A-348B-B50F-D09D45842B11}
		{28E60D6C-2B90-3F12-B326-87BC52183675} = {28E60D6C-2B90-3F12-B326-87BC52183675}
		{FA3F8FB8-3B0C-3AC7-803F-C5D2CBE4B124} = {FA3F8FB8-3B0C-3AC7-803F-C5D2CBE4B124}
	EndProjectSection
EndProject
Project("{8BC9CEB8-8B4A-11D0-8D11-00A0C91BC942}") = "Cube", "Examples\Cube\Cube.vcxproj", "{F633484D-DCC9-3105-A2C3-055CE66034C5}"
	ProjectSection(ProjectDependencies) = postProject
		{76560718-13FA-3799-AF18-FCD48860A6AB} = {76560718-13FA-3799-AF18-FCD48860A6AB}
		{28E60D6C-2B90-3F12-B326-87BC52183675} = {28E60D6C-2B90-3F12-B326-87BC52183675}
		{FA3F8FB8-3B0C-3AC7-803F-C5D2CBE4B124} = {FA3F8FB8-3B0C-3AC7-803F-C5D2CBE4B124}
	EndProjectSection
EndProject
Project("{8BC9CEB8-8B4A-11D0-8D11-00A0C91BC942}") = "DownloadImages", "Examples\DownloadImages\DownloadImages.vcxproj", "{CFDDE131-1EE1-3D7D-8FAF-6C5CD1B20F41}"
	ProjectSection(ProjectDependencies) = postProject
		{76560718-13FA-3799-AF18-FCD48860A6AB} = {76560718-13FA-3799-AF18-FCD48860A6AB}
		{28E60D6C-2B90-3F12-B326-87BC52183675} = {28E60D6C-2B90-3F12-B326-87BC52183675}
		{FA3F8FB8-3B0C-3AC7-803F-C5D2CBE4B124} = {FA3F8FB8-3B0C-3AC7-803F-C5D2CBE4B124}
	EndProjectSection
EndProject
Project("{8BC9CEB8-8B4A-11D0-8D11-00A0C91BC942}") = "HelloTriangle", "Examples\HelloTriangle\HelloTriangle.vcxproj", "{EA467A1D-FCA5-3414-84DE-E5B6941493E7}"
	ProjectSection(ProjectDependencies) = postProject
		{76560718-13FA-3799-AF18-FCD48860A6AB} = {76560718-13FA-3799-AF18-FCD48860A6AB}
		{28E60D6C-2B90-3F12-B326-87BC52183675} = {28E60D6C-2B90-3F12-B326-87BC52183675}
		{FA3F8FB8-3B0C-3AC7-803F-C5D2CBE4B124} = {FA3F8FB8-3B0C-3AC7-803F-C5D2CBE4B124}
	EndProjectSection
EndProject
Project("{8BC9CEB8-8B4A-11D0-8D11-00A0C91BC942}") = "HelloWindow", "Examples\HelloWindow\HelloWindow.vcxproj", "{F804D94A-290D-34D2-BDD2-2FDD158B1124}"
	ProjectSection(ProjectDependencies) = postProject
		{76560718-13FA-3799-AF18-FCD48860A6AB} = {76560718-13FA-3799-AF18-FCD48860A6AB}
		{28E60D6C-2B90-3F12-B326-87BC52183675} = {28E60D6C-2B90-3F12-B326-87BC52183675}
		{FA3F8FB8-3B0C-3AC7-803F-C5D2CBE4B124} = {FA3F8FB8-3B0C-3AC7-803F-C5D2CBE4B124}
	EndProjectSection
EndProject
Project("{8BC9CEB8-8B4A-11D0-8D11-00A0C91BC942}") = "INSTALL", "INSTALL.vcxproj", "{77D6B6C4-2700-316F-AB8D-85C9A8A98DBA}"
	ProjectSection(ProjectDependencies) = postProject
		{FB94E4B4-0A21-3D52-9CE0-BA7FDF45CC5F} = {FB94E4B4-0A21-3D52-9CE0-BA7FDF45CC5F}
		{28E60D6C-2B90-3F12-B326-87BC52183675} = {28E60D6C-2B90-3F12-B326-87BC52183675}
	EndProjectSection
EndProject
Project("{8BC9CEB8-8B4A-11D0-8D11-00A0C91BC942}") = "LayeredTexture", "Examples\LayeredTexture\LayeredTexture.vcxproj", "{08323AF7-02E4-3388-8810-FD3B9E1189B7}"
	ProjectSection(ProjectDependencies) = postProject
		{76560718-13FA-3799-AF18-FCD48860A6AB} = {76560718-13FA-3799-AF18-FCD48860A6AB}
		{28E60D6C-2B90-3F12-B326-87BC52183675} = {28E60D6C-2B90-3F12-B326-87BC52183675}
		{FA3F8FB8-3B0C-3AC7-803F-C5D2CBE4B124} = {FA3F8FB8-3B0C-3AC7-803F-C5D2CBE4B124}
	EndProjectSection
EndProject
Project("{8BC9CEB8-8B4A-11D0-8D11-00A0C91BC942}") = "MultiWindow", "Examples\MultiWindow\MultiWindow.vcxproj", "{90443030-EFC5-3B07-8DB0-239CF92D2823}"
	ProjectSection(ProjectDependencies) = postProject
		{76560718-13FA-3799-AF18-FCD48860A6AB} = {76560718-13FA-3799-AF18-FCD48860A6AB}
		{28E60D6C-2B90-3F12-B326-87BC52183675} = {28E60D6C-2B90-3F12-B326-87BC52183675}
		{FA3F8FB8-3B0C-3AC7-803F-C5D2CBE4B124} = {FA3F8FB8-3B0C-3AC7-803F-C5D2CBE4B124}
	EndProjectSection
EndProject
Project("{8BC9CEB8-8B4A-11D0-8D11-00A0C91BC942}") = "ParallelPass", "Examples\ParallelPass\ParallelPass.vcxproj", "{709F0F3C-92FE-38C4-A19F-02D5EE63BA66}"
	ProjectSection(ProjectDependencies) = postProject
		{76560718-13FA-3799-AF18-FCD48860A6AB} = {76560718-13FA-3799-AF18-FCD48860A6AB}
		{28E60D6C-2B90-3F12-B326-87BC52183675} = {28E60D6C-2B90-3F12-B326-87BC52183675}
		{FA3F8FB8-3B0C-3AC7-803F-C5D2CBE4B124} = {FA3F8FB8-3B0C-3AC7-803F-C5D2CBE4B124}
	EndProjectSection
EndProject
Project("{8BC9CEB8-8B4A-11D0-8D11-00A0C91BC942}") = "RHI", "Source\RHI.vcxproj", "{76560718-13FA-3799-AF18-FCD48860A6AB}"
	ProjectSection(ProjectDependencies) = postProject
		{28E60D6C-2B90-3F12-B326-87BC52183675} = {28E60D6C-2B90-3F12-B326-87BC52183675}
	EndProjectSection
EndProject
Project("{8BC9CEB8-8B4A-11D0-8D11-00A0C91BC942}") = "TextureArray", "Examples\TextureArray\TextureArray.vcxproj", "{D0FE589D-9C6E-3E40-BED4-F77986DD7897}"
	ProjectSection(ProjectDependencies) = postProject
		{76560718-13FA-3799-AF18-FCD48860A6AB} = {76560718-13FA-3799-AF18-FCD48860A6AB}
		{28E60D6C-2B90-3F12-B326-87BC52183675} = {28E60D6C-2B90-3F12-B326-87BC52183675}
		{FA3F8FB8-3B0C-3AC7-803F-C5D2CBE4B124} = {FA3F8FB8-3B0C-3AC7-803F-C5D2CBE4B124}
	EndProjectSection
EndProject
Project("{8BC9CEB8-8B4A-11D0-8D11-00A0C91BC942}") = "Texturing", "Examples\Texturing\Texturing.vcxproj", "{C0A03754-2815-38BF-A679-1FD8E04B5358}"
	ProjectSection(ProjectDependencies) = postProject
		{76560718-13FA-3799-AF18-FCD48860A6AB} = {76560718-13FA-3799-AF18-FCD48860A6AB}
		{28E60D6C-2B90-3F12-B326-87BC52183675} = {28E60D6C-2B90-3F12-B326-87BC52183675}
		{FA3F8FB8-3B0C-3AC7-803F-C5D2CBE4B124} = {FA3F8FB8-3B0C-3AC7-803F-C5D2CBE4B124}
	EndProjectSection
EndProject
Project("{8BC9CEB8-8B4A-11D0-8D11-00A0C91BC942}") = "Uniforms", "Examples\Uniforms\Uniforms.vcxproj", "{8B77BDBD-F82A-348B-B50F-D09D45842B11}"
	ProjectSection(ProjectDependencies) = postProject
		{76560718-13FA-3799-AF18-FCD48860A6AB} = {76560718-13FA-3799-AF18-FCD48860A6AB}
		{28E60D6C-2B90-3F12-B326-87BC52183675} = {28E60D6C-2B90-3F12-B326-87BC52183675}
		{FA3F8FB8-3B0C-3AC7-803F-C5D2CBE4B124} = {FA3F8FB8-3B0C-3AC7-803F-C5D2CBE4B124}
	EndProjectSection
EndProject
Project("{8BC9CEB8-8B4A-11D0-8D11-00A0C91BC942}") = "ZERO_CHECK", "ZERO_CHECK.vcxproj", "{28E60D6C-2B90-3F12-B326-87BC52183675}"
	ProjectSection(ProjectDependencies) = postProject
	EndProjectSection
EndProject
Project("{8BC9CEB8-8B4A-11D0-8D11-00A0C91BC942}") = "test_utils", "Examples\test_utils\test_utils.vcxproj", "{FA3F8FB8-3B0C-3AC7-803F-C5D2CBE4B124}"
	ProjectSection(ProjectDependencies) = postProject
		{76560718-13FA-3799-AF18-FCD48860A6AB} = {76560718-13FA-3799-AF18-FCD48860A6AB}
		{28E60D6C-2B90-3F12-B326-87BC52183675} = {28E60D6C-2B90-3F12-B326-87BC52183675}
	EndProjectSection
EndProject
Global
	GlobalSection(SolutionConfigurationPlatforms) = preSolution
		Debug|x64 = Debug|x64
		Release|x64 = Release|x64
		MinSizeRel|x64 = MinSizeRel|x64
		RelWithDebInfo|x64 = RelWithDebInfo|x64
	EndGlobalSection
	GlobalSection(ProjectConfigurationPlatforms) = postSolution
		{FB94E4B4-0A21-3D52-9CE0-BA7FDF45CC5F}.Debug|x64.ActiveCfg = Debug|x64
		{FB94E4B4-0A21-3D52-9CE0-BA7FDF45CC5F}.Debug|x64.Build.0 = Debug|x64
		{FB94E4B4-0A21-3D52-9CE0-BA7FDF45CC5F}.Release|x64.ActiveCfg = Release|x64
		{FB94E4B4-0A21-3D52-9CE0-BA7FDF45CC5F}.Release|x64.Build.0 = Release|x64
		{FB94E4B4-0A21-3D52-9CE0-BA7FDF45CC5F}.MinSizeRel|x64.ActiveCfg = MinSizeRel|x64
		{FB94E4B4-0A21-3D52-9CE0-BA7FDF45CC5F}.MinSizeRel|x64.Build.0 = MinSizeRel|x64
		{FB94E4B4-0A21-3D52-9CE0-BA7FDF45CC5F}.RelWithDebInfo|x64.ActiveCfg = RelWithDebInfo|x64
		{FB94E4B4-0A21-3D52-9CE0-BA7FDF45CC5F}.RelWithDebInfo|x64.Build.0 = RelWithDebInfo|x64
		{F633484D-DCC9-3105-A2C3-055CE66034C5}.Debug|x64.ActiveCfg = Debug|x64
		{F633484D-DCC9-3105-A2C3-055CE66034C5}.Debug|x64.Build.0 = Debug|x64
		{F633484D-DCC9-3105-A2C3-055CE66034C5}.Release|x64.ActiveCfg = Release|x64
		{F633484D-DCC9-3105-A2C3-055CE66034C5}.Release|x64.Build.0 = Release|x64
		{F633484D-DCC9-3105-A2C3-055CE66034C5}.MinSizeRel|x64.ActiveCfg = MinSizeRel|x64
		{F633484D-DCC9-3105-A2C3-055CE66034C5}.MinSizeRel|x64.Build.0 = MinSizeRel|x64
		{F633484D-DCC9-3105-A2C3-055CE66034C5}.RelWithDebInfo|x64.ActiveCfg = RelWithDebInfo|x64
		{F633484D-DCC9-3105-A2C3-055CE66034C5}.RelWithDebInfo|x64.Build.0 = RelWithDebInfo|x64
		{CFDDE131-1EE1-3D7D-8FAF-6C5CD1B20F41}.Debug|x64.ActiveCfg = Debug|x64
		{CFDDE131-1EE1-3D7D-8FAF-6C5CD1B20F41}.Debug|x64.Build.0 = Debug|x64
		{CFDDE131-1EE1-3D7D-8FAF-6C5CD1B20F41}.Release|x64.ActiveCfg = Release|x64
		{CFDDE131-1EE1-3D7D-8FAF-6C5CD1B20F41}.Release|x64.Build.0 = Release|x64
		{CFDDE131-1EE1-3D7D-8FAF-6C5CD1B20F41}.MinSizeRel|x64.ActiveCfg = MinSizeRel|x64
		{CFDDE131-1EE1-3D7D-8FAF-6C5CD1B20F41}.MinSizeRel|x64.Build.0 = MinSizeRel|x64
		{CFDDE131-1EE1-3D7D-8FAF-6C5CD1B20F41}.RelWithDebInfo|x64.ActiveCfg = RelWithDebInfo|x64
		{CFDDE131-1EE1-3D7D-8FAF-6C5CD1B20F41}.RelWithDebInfo|x64.Build.0 = RelWithDebInfo|x64
		{EA467A1D-FCA5-3414-84DE-E5B6941493E7}.Debug|x64.ActiveCfg = Debug|x64
		{EA467A1D-FCA5-3414-84DE-E5B6941493E7}.Debug|x64.Build.0 = Debug|x64
		{EA467A1D-FCA5-3414-84DE-E5B6941493E7}.Release|x64.ActiveCfg = Release|x64
		{EA467A1D-FCA5-3414-84DE-E5B6941493E7}.Release|x64.Build.0 = Release|x64
		{EA467A1D-FCA5-3414-84DE-E5B6941493E7}.MinSizeRel|x64.ActiveCfg = MinSizeRel|x64
		{EA467A1D-FCA5-3414-84DE-E5B6941493E7}.MinSizeRel|x64.Build.0 = MinSizeRel|x64
		{EA467A1D-FCA5-3414-84DE-E5B6941493E7}.RelWithDebInfo|x64.ActiveCfg = RelWithDebInfo|x64
		{EA467A1D-FCA5-3414-84DE-E5B6941493E7}.RelWithDebInfo|x64.Build.0 = RelWithDebInfo|x64
		{F804D94A-290D-34D2-BDD2-2FDD158B1124}.Debug|x64.ActiveCfg = Debug|x64
		{F804D94A-290D-34D2-BDD2-2FDD158B1124}.Debug|x64.Build.0 = Debug|x64
		{F804D94A-290D-34D2-BDD2-2FDD158B1124}.Release|x64.ActiveCfg = Release|x64
		{F804D94A-290D-34D2-BDD2-2FDD158B1124}.Release|x64.Build.0 = Release|x64
		{F804D94A-290D-34D2-BDD2-2FDD158B1124}.MinSizeRel|x64.ActiveCfg = MinSizeRel|x64
		{F804D94A-290D-34D2-BDD2-2FDD158B1124}.MinSizeRel|x64.Build.0 = MinSizeRel|x64
		{F804D94A-290D-34D2-BDD2-2FDD158B1124}.RelWithDebInfo|x64.ActiveCfg = RelWithDebInfo|x64
		{F804D94A-290D-34D2-BDD2-2FDD158B1124}.RelWithDebInfo|x64.Build.0 = RelWithDebInfo|x64
		{77D6B6C4-2700-316F-AB8D-85C9A8A98DBA}.Debug|x64.ActiveCfg = Debug|x64
		{77D6B6C4-2700-316F-AB8D-85C9A8A98DBA}.Release|x64.ActiveCfg = Release|x64
		{77D6B6C4-2700-316F-AB8D-85C9A8A98DBA}.MinSizeRel|x64.ActiveCfg = MinSizeRel|x64
		{77D6B6C4-2700-316F-AB8D-85C9A8A98DBA}.RelWithDebInfo|x64.ActiveCfg = RelWithDebInfo|x64
		{08323AF7-02E4-3388-8810-FD3B9E1189B7}.Debug|x64.ActiveCfg = Debug|x64
		{08323AF7-02E4-3388-8810-FD3B9E1189B7}.Debug|x64.Build.0 = Debug|x64
		{08323AF7-02E4-3388-8810-FD3B9E1189B7}.Release|x64.ActiveCfg = Release|x64
		{08323AF7-02E4-3388-8810-FD3B9E1189B7}.Release|x64.Build.0 = Release|x64
		{08323AF7-02E4-3388-8810-FD3B9E1189B7}.MinSizeRel|x64.ActiveCfg = MinSizeRel|x64
		{08323AF7-02E4-3388-8810-FD3B9E1189B7}.MinSizeRel|x64.Build.0 = MinSizeRel|x64
		{08323AF7-02E4-3388-8810-FD3B9E1189B7}.RelWithDebInfo|x64.ActiveCfg = RelWithDebInfo|x64
		{08323AF7-02E4-3388-8810-FD3B9E1189B7}.RelWithDebInfo|x64.Build.0 = RelWithDebInfo|x64
		{90443030-EFC5-3B07-8DB0-239CF92D2823}.Debug|x64.ActiveCfg = Debug|x64
		{90443030-EFC5-3B07-8DB0-239CF92D2823}.Debug|x64.Build.0 = Debug|x64
		{90443030-EFC5-3B07-8DB0-239CF92D2823}.Release|x64.ActiveCfg = Release|x64
		{90443030-EFC5-3B07-8DB0-239CF92D2823}.Release|x64.Build.0 = Release|x64
		{90443030-EFC5-3B07-8DB0-239CF92D2823}.MinSizeRel|x64.ActiveCfg = MinSizeRel|x64
		{90443030-EFC5-3B07-8DB0-239CF92D2823}.MinSizeRel|x64.Build.0 = MinSizeRel|x64
		{90443030-EFC5-3B07-8DB0-239CF92D2823}.RelWithDebInfo|x64.ActiveCfg = RelWithDebInfo|x64
		{90443030-EFC5-3B07-8DB0-239CF92D2823}.RelWithDebInfo|x64.Build.0 = RelWithDebInfo|x64
		{709F0F3C-92FE-38C4-A19F-02D5EE63BA66}.Debug|x64.ActiveCfg = Debug|x64
		{709F0F3C-92FE-38C4-A19F-02D5EE63BA66}.Debug|x64.Build.0 = Debug|x64
		{709F0F3C-92FE-38C4-A19F-02D5EE63BA66}.Release|x64.ActiveCfg = Release|x64
		{709F0F3C-92FE-38C4-A19F-02D5EE63BA66}.Release|x64.Build.0 = Release|x64
		{709F0F3C-92FE-38C4-A19F-02D5EE63BA66}.MinSizeRel|x64.ActiveCfg = MinSizeRel|x64
		{709F0F3C-92FE-38C4-A19F-02D5EE63BA66}.MinSizeRel|x64.Build.0 = MinSizeRel|x64
		{709F0F3C-92FE-38C4-A19F-02D5EE63BA66}.RelWithDebInfo|x64.ActiveCfg = RelWithDebInfo|x64
		{709F0F3C-92FE-38C4-A19F-02D5EE63BA66}.RelWithDebInfo|x64.Build.0 = RelWithDebInfo|x64
		{76560718-13FA-3799-AF18-FCD48860A6AB}.Debug|x64.ActiveCfg = Debug|x64
		{76560718-13FA-3799-AF18-FCD48860A6AB}.Debug|x64.Build.0 = Debug|x64
		{76560718-13FA-3799-AF18-FCD48860A6AB}.Release|x64.ActiveCfg = Release|x64
		{76560718-13FA-3799-AF18-FCD48860A6AB}.Release|x64.Build.0 = Release|x64
		{76560718-13FA-3799-AF18-FCD48860A6AB}.MinSizeRel|x64.ActiveCfg = MinSizeRel|x64
		{76560718-13FA-3799-AF18-FCD48860A6AB}.MinSizeRel|x64.Build.0 = MinSizeRel|x64
		{76560718-13FA-3799-AF18-FCD48860A6AB}.RelWithDebInfo|x64.ActiveCfg = RelWithDebInfo|x64
		{76560718-13FA-3799-AF18-FCD48860A6AB}.RelWithDebInfo|x64.Build.0 = RelWithDebInfo|x64
		{D0FE589D-9C6E-3E40-BED4-F77986DD7897}.Debug|x64.ActiveCfg = Debug|x64
		{D0FE589D-9C6E-3E40-BED4-F77986DD7897}.Debug|x64.Build.0 = Debug|x64
		{D0FE589D-9C6E-3E40-BED4-F77986DD7897}.Release|x64.ActiveCfg = Release|x64
		{D0FE589D-9C6E-3E40-BED4-F77986DD7897}.Release|x64.Build.0 = Release|x64
		{D0FE589D-9C6E-3E40-BED4-F77986DD7897}.MinSizeRel|x64.ActiveCfg = MinSizeRel|x64
		{D0FE589D-9C6E-3E40-BED4-F77986DD7897}.MinSizeRel|x64.Build.0 = MinSizeRel|x64
		{D0FE589D-9C6E-3E40-BED4-F77986DD7897}.RelWithDebInfo|x64.ActiveCfg = RelWithDebInfo|x64
		{D0FE589D-9C6E-3E40-BED4-F77986DD7897}.RelWithDebInfo|x64.Build.0 = RelWithDebInfo|x64
		{C0A03754-2815-38BF-A679-1FD8E04B5358}.Debug|x64.ActiveCfg = Debug|x64
		{C0A03754-2815-38BF-A679-1FD8E04B5358}.Debug|x64.Build.0 = Debug|x64
		{C0A03754-2815-38BF-A679-1FD8E04B5358}.Release|x64.ActiveCfg = Release|x64
		{C0A03754-2815-38BF-A679-1FD8E04B5358}.Release|x64.Build.0 = Release|x64
		{C0A03754-2815-38BF-A679-1FD8E04B5358}.MinSizeRel|x64.ActiveCfg = MinSizeRel|x64
		{C0A03754-2815-38BF-A679-1FD8E04B5358}.MinSizeRel|x64.Build.0 = MinSizeRel|x64
		{C0A03754-2815-38BF-A679-1FD8E04B5358}.RelWithDebInfo|x64.ActiveCfg = RelWithDebInfo|x64
		{C0A03754-2815-38BF-A679-1FD8E04B5358}.RelWithDebInfo|x64.Build.0 = RelWithDebInfo|x64
		{8B77BDBD-F82A-348B-B50F-D09D45842B11}.Debug|x64.ActiveCfg = Debug|x64
		{8B77BDBD-F82A-348B-B50F-D09D45842B11}.Debug|x64.Build.0 = Debug|x64
		{8B77BDBD-F82A-348B-B50F-D09D45842B11}.Release|x64.ActiveCfg = Release|x64
		{8B77BDBD-F82A-348B-B50F-D09D45842B11}.Release|x64.Build.0 = Release|x64
		{8B77BDBD-F82A-348B-B50F-D09D45842B11}.MinSizeRel|x64.ActiveCfg = MinSizeRel|x64
		{8B77BDBD-F82A-348B-B50F-D09D45842B11}.MinSizeRel|x64.Build.0 = MinSizeRel|x64
		{8B77BDBD-F82A-348B-B50F-D09D45842B11}.RelWithDebInfo|x64.ActiveCfg = RelWithDebInfo|x64
		{8B77BDBD-F82A-348B-B50F-D09D45842B11}.RelWithDebInfo|x64.Build.0 = RelWithDebInfo|x64
		{28E60D6C-2B90-3F12-B326-87BC52183675}.Debug|x64.ActiveCfg = Debug|x64
		{28E60D6C-2B90-3F12-B326-87BC52183675}.Debug|x64.Build.0 = Debug|x64
		{28E60D6C-2B90-3F12-B326-87BC52183675}.Release|x64.ActiveCfg = Release|x64
		{28E60D6C-2B90-3F12-B326-87BC52183675}.Release|x64.Build.0 = Release|x64
		{28E60D6C-2B90-3F12-B326-87BC52183675}.MinSizeRel|x64.ActiveCfg = MinSizeRel|x64
		{28E60D6C-2B90-3F12-B326-87BC52183675}.MinSizeRel|x64.Build.0 = MinSizeRel|x64
		{28E60D6C-2B90-3F12-B326-87BC52183675}.RelWithDebInfo|x64.ActiveCfg = RelWithDebInfo|x64
		{28E60D6C-2B90-3F12-B326-87BC52183675}.RelWithDebInfo|x64.Build.0 = RelWithDebInfo|x64
		{FA3F8FB8-3B0C-3AC7-803F-C5D2CBE4B124}.Debug|x64.ActiveCfg = Debug|x64
		{FA3F8FB8-3B0C-3AC7-803F-C5D2CBE4B124}.Debug|x64.Build.0 = Debug|x64
		{FA3F8FB8-3B0C-3AC7-803F-C5D2CBE4B124}.Release|x64.ActiveCfg = Release|x64
		{FA3F8FB8-3B0C-3AC7-803F-C5D2CBE4B124}.Release|x64.Build.0 = Release|x64
		{FA3F8FB8-3B0C-3AC7-803F-C5D2CBE4B124}.MinSizeRel|x64.ActiveCfg = MinSizeRel|x64
		{FA3F8FB8-3B0C-3AC7-803F-C5D2CBE4B124}.MinSizeRel|x64.Build.0 = MinSizeRel|x64
		{FA3F8FB8-3B0C-3AC7-803F-C5D2CBE4B124}.RelWithDebInfo|x64.ActiveCfg = RelWithDebInfo|x64
		{FA3F8FB8-3B0C-3AC7-803F-C5D2CBE4B124}.RelWithDebInfo|x64.Build.0 = RelWithDebInfo|x64
	EndGlobalSection
	GlobalSection(ExtensibilityGlobals) = postSolution
		SolutionGuid = {77BD9D8F-4C3B-3D90-AC46-CF3C5F1B37B5}
	EndGlobalSection
	GlobalSection(ExtensibilityAddIns) = postSolution
	EndGlobalSection
EndGlobal
